github.com/agext/levenshtein v1.2.1 h1:QmvMAjj2aEICytGiWzmxoE0x2KZvE0fvmqMOfy2tjT8=
github.com/agext/levenshtein v1.2.1/go.mod h1:JEDfjyjHDjOF/1e4FlBE/PkbqA9OfWu2ki2W0IB5558=
github.com/ahmetb/go-linq/v3 v3.2.0 h1:BEuMfp+b59io8g5wYzNoFe9pWPalRklhlhbiU3hYZDE=
github.com/ahmetb/go-linq/v3 v3.2.0/go.mod h1:haQ3JfOeWK8HpVxMtHHEMPVgBKiYyQ+f1/kLZh/cj9U=
github.com/apparentlymart/go-textseg/v13 v13.0.0 h1:Y+KvPE1NYz0xl601PVImeQfFyEy6iT90AvPUL1NNfNw=
github.com/apparentlymart/go-textseg/v13 v13.0.0/go.mod h1:ZK2fH7c4NqDTLtiYLvIkEghdlcqw7yxLeM89kiTRPUo=
github.com/davecgh/go-spew v1.1.1 h1:vj9j/u1bqnvCEfJOwUhtlOARqs3+rkHYY13jYWTU97c=
github.com/davecgh/go-spew v1.1.1/go.mod h1:J7Y8YcW2NihsgmVo/mv3lAwl/skON4iLHjSsI+c5H38=
github.com/go-test/deep v1.0.3 h1:ZrJSEWsXzPOxaZnFteGEfooLba+ju3FYIbOrS+rQd68=
github.com/google/go-cmp v0.5.9 h1:O2Tfq5qg4qc4AmwVlvv0oLiVAGB7enBSJ2x2DqQFi38=
github.com/google/go-cmp v0.5.9/go.mod h1:17dUlkBOakJ0+DkrSSNjCkIjxS6bF9zb3elmeNGIjoY=
github.com/hashicorp/go-version v1.6.0 h1:feTTfFNnjP967rlCxM/I9g701jU+RN74YKx2mOkIeek=
github.com/hashicorp/go-version v1.6.0/go.mod h1:fltr4n8CU8Ke44wwGCBoEymUuxUHl09ZGVZPK5anwXA=
github.com/hashicorp/hcl/v2 v2.17.0 h1:z1XvSUyXd1HP10U4lrLg5e0JMVz6CPaJvAgxM0KNZVY=
github.com/hashicorp/hcl/v2 v2.17.0/go.mod h1:gJyW2PTShkJqQBKpAmPO3yxMxIuoXkOF2TpqXzrQyx4=
github.com/hashicorp/terraform-json v0.16.0 h1:UKkeWRWb23do5LNAFlh/K3N0ymn1qTOO8c+85Albo3s=
github.com/hashicorp/terraform-json v0.16.0/go.mod h1:v0Ufk9jJnk6tcIZvScHvetlKfiNTC+WS21mnXIlc0B0=
github.com/kr/pretty v0.1.0 h1:L/CwN0zerZDmRFUapSPitk6f+Q3+0za1rQkzVuMiMFI=
github.com/kr/text v0.1.0 h1:45sCR5RtlFHMR4UwH9sdQ5TC8v0qDQCHnXt+kaKSTVE=
github.com/kylelemons/godebug v0.0.0-20170820004349-d65d576e9348 h1:MtvEpTB6LX3vkb4ax0b5D2DHbNAUsen0Gx5wZoq3lV4=
github.com/lonegunmanb/terraform-azapi-schema v1.6.0 h1:WdF32iKY8KXHDNpbbx0/1UnWv3kwZ273ERi4A+q9Nx0=
github.com/lonegunmanb/terraform-azapi-schema v1.6.0/go.mod h1:Avski+EREH5zk7Dl2QEXiAhwp7sxOoFKbE+A46Z2fzQ=
github.com/lonegunmanb/terraform-azuread-schema/v2 v2.39.0 h1:VVUrYsvdhETqjofjf2pm/oS3VWJF5DoebO6scTeI5QQ=
github.com/lonegunmanb/terraform-azuread-schema/v2 v2.39.0/go.mod h1:83rkvzXFf35B3ir6bm6RniZPanfWHI1lfT7SHQthCUA=
github.com/lonegunmanb/terraform-azurerm-schema/v3 v3.57.0 h1:eTsIQijRjXrmojZxFpIwVtrlTcWlGUIeTBfojCsQ0pM=
github.com/lonegunmanb/terraform-azurerm-schema/v3 v3.57.0/go.mod h1:mt1LzfOpS0rzG3NBRLRQRu3PlYSGy7wPDba57tZldwk=
github.com/lonegunmanb/terraform-local-schema/v2 v2.4.0 h1:ihO5Axdmn5SpHG6jF8KpVBzjBSzK1feJl+mpkZjSC88=
github.com/lonegunmanb/terraform-local-schema/v2 v2.4.0/go.mod h1:u0L8ZQExPIbyazM/IVRKy5w5epWK3R01+8e5lzI+jvM=
github.com/lonegunmanb/terraform-null-schema/v3 v3.2.1 h1:0cgtSJ5fDS75t1O+evxqh/pUU7IJGGRD2j0GNdCesZA=
github.com/lonegunmanb/terraform-null-schema/v3 v3.2.1/go.mod h1:hQD0sJiBK61gf4NlGuakdX53fGCc084vLqVXd6IgWzs=
github.com/lonegunmanb/terraform-random-schema/v3 v3.5.1 h1:1/sLn0mfSjtCDRGxV1o42X6UaF092HQb6Id0eD5bVpM=
github.com/lonegunmanb/terraform-random-schema/v3 v3.5.1/go.mod h1:xKxDL668MXgHZVL4H+VzwKPYY5GDvtdNYmU6KvjAGcg=
github.com/lonegunmanb/terraform-template-schema/v2 v2.2.0 h1:dbD4+ResOG4234ysG9HHXyZaYGynHefPzO70Rk/ktcs=
github.com/lonegunmanb/terraform-template-schema/v2 v2.2.0/go.mod h1:FXrD523CXVw67Yn5xmlppTub47/1/UI+/SZjKq8G6X4=
github.com/lonegunmanb/terraform-time-schema v0.9.1 h1:YVaHU0qvBAXbRcihOyHv+qzoV8US8BvnNpmUi8b636w=
github.com/lonegunmanb/terraform-time-schema v0.9.1/go.mod h1:11zE0UeIJeh4alMAjr7gb6h5baAt4iRQOsN6iWPjE+g=
github.com/lonegunmanb/terraform-tls-schema/v4 v4.0.4 h1:LD59pahKRCBwrkO0v3QcZRaGR2uxvIY6fdFfo9HOpCg=
github.com/lonegunmanb/terraform-tls-schema/v4 v4.0.4/go.mod h1:O0UVkiuZOAfpGWYM6WIu9xnJY0L4BF4HPedee2Ds+Hk=
github.com/mitchellh/go-wordwrap v0.0.0-20150314170334-ad45545899c7 h1:DpOJ2HYzCv8LZP15IdmG+YdwD2luVPHITV96TkirNBM=
github.com/mitchellh/go-wordwrap v0.0.0-20150314170334-ad45545899c7/go.mod h1:ZXFpozHsX6DPmq2I0TCekCxypsnAUbP2oI0UX1GXzOo=
github.com/pmezard/go-difflib v1.0.0 h1:4DBwDE0NGyQoBHbLQYPwSUPoCMWR5BEzIk/f1lZbAQM=
github.com/pmezard/go-difflib v1.0.0/go.mod h1:iKH77koFhYxTK1pcRnkKkqfTogsbg7gZNVY4sRDYZ/4=
github.com/sergi/go-diff v1.2.0 h1:XU+rvMAioB0UC3q1MFrIQy4Vo5/4VsRDQQXHsEya6xQ=
github.com/stretchr/testify v1.8.3 h1:RP3t2pwF7cMEbC1dqtB6poj3niw/9gnV4Cjg5oW5gtY=
github.com/stretchr/testify v1.8.3/go.mod h1:sz/lmYIOXD/1dqDmKjjqLyZ2RngseejIcXlSw2iwfAo=
github.com/zclconf/go-cty v1.13.0 h1:It5dfKTTZHe9aeppbNOda3mN7Ag7sg6QkBNm6TkyFa0=
github.com/zclconf/go-cty v1.13.0/go.mod h1:YKQzy/7pZ7iq2jNFzy5go57xdxdWoLLpaEp4u238AE0=
golang.org/x/text v0.9.0 h1:2sjJmO8cDvYveuX97RDLsxlyUxLl+GHoLxBiRdHllBE=
golang.org/x/text v0.9.0/go.mod h1:e1OnstbJyHTd6l/uOt8jFFHp6TRDWZR/bV3emEE/zU8=
gopkg.in/check.v1 v0.0.0-20161208181325-20d25e280405 h1:yhCVgyC4o1eVCa2tZl7eS0r+SDo693bJlVdllGtEeKM=
gopkg.in/check.v1 v0.0.0-20161208181325-20d25e280405/go.mod h1:Co6ibVJAznAaIkqp8huTwlJQCZ016jof/cbN4VW5Yz0=
gopkg.in/yaml.v3 v3.0.1 h1:fxVm/GzAzEWqLHuvctI91KS9hhNmmWOoWu0XTYJS7CA=
gopkg.in/yaml.v3 v3.0.1/go.mod h1:K4uyk7z7BCEPqu6E+C64Yfv1cQ7kz7rIZviUmN+EgEM=
