github.com/agext/levenshtein v1.2.3 h1:YB2fHEn0UJagG8T1rrWknE3ZQzWM06O8AMAatNn7lmo=
github.com/agext/levenshtein v1.2.3/go.mod h1:JEDfjyjHDjOF/1e4FlBE/PkbqA9OfWu2ki2W0IB5558=
github.com/ahmetb/go-linq/v3 v3.2.0 h1:BEuMfp+b59io8g5wYzNoFe9pWPalRklhlhbiU3hYZDE=
github.com/ahmetb/go-linq/v3 v3.2.0/go.mod h1:haQ3JfOeWK8HpVxMtHHEMPVgBKiYyQ+f1/kLZh/cj9U=
github.com/apparentlymart/go-textseg/v15 v15.0.0 h1:uYvfpb3DyLSCGWnctWKGj857c6ew1u1fNQOlOtuGxQY=
github.com/apparentlymart/go-textseg/v15 v15.0.0/go.mod h1:K8XmNZdhEBkdlyDdvbmmsvpAG721bKi0joRfFdHIWJ4=
github.com/davecgh/go-spew v1.1.1 h1:vj9j/u1bqnvCEfJOwUhtlOARqs3+rkHYY13jYWTU97c=
github.com/davecgh/go-spew v1.1.1/go.mod h1:J7Y8YcW2NihsgmVo/mv3lAwl/skON4iLHjSsI+c5H38=
github.com/go-test/deep v1.0.3 h1:ZrJSEWsXzPOxaZnFteGEfooLba+ju3FYIbOrS+rQd68=
github.com/go-test/deep v1.0.3/go.mod h1:wGDj63lr65AM2AQyKZd/NYHGb0R+1RLqB8NKt3aSFNA=
github.com/google/go-cmp v0.6.0 h1:ofyhxvXcZhMsU5ulbFiLKl/XBFqE1GSq7atu8tAmTRI=
github.com/google/go-cmp v0.6.0/go.mod h1:17dUlkBOakJ0+DkrSSNjCkIjxS6bF9zb3elmeNGIjoY=
github.com/hashicorp/go-version v1.7.0 h1:5tqGy27NaOTB8yJKUZELlFAS/LTKJkrmONwQKeRZfjY=
github.com/hashicorp/go-version v1.7.0/go.mod h1:fltr4n8CU8Ke44wwGCBoEymUuxUHl09ZGVZPK5anwXA=
github.com/hashicorp/hcl/v2 v2.23.0 h1:Fphj1/gCylPxHutVSEOf2fBOh1VE4AuLV7+kbJf3qos=
github.com/hashicorp/hcl/v2 v2.23.0/go.mod h1:62ZYHrXgPoX8xBnzl8QzbWq4dyDsDtfCRgIq1rbJEvA=
github.com/hashicorp/terraform-json v0.24.0 h1:rUiyF+x1kYawXeRth6fKFm/MdfBS6+lW4NbeATsYz8Q=
github.com/hashicorp/terraform-json v0.24.0/go.mod h1:Nfj5ubo9xbu9uiAoZVBsNOjvNKB66Oyrvtit74kC7ow=
github.com/lonegunmanb/terraform-alicloud-schema v1.241.0 h1:Esy8veABRq/dJ3ETR5LL0J3mO/ifddkD9adFcbVPu0A=
github.com/lonegunmanb/terraform-alicloud-schema v1.241.0/go.mod h1:q3aG6pJLbxCLSAiFUd5WuHRETBQVMORnoWpuNw0DOkU=
github.com/lonegunmanb/terraform-aws-schema/v5 v5.84.0 h1:bUaa9YM72j87hvcvnjXXHiekvjZOEVKBLlsrEGGfXto=
github.com/lonegunmanb/terraform-aws-schema/v5 v5.84.0/go.mod h1:VoGCzFKXvqBAiW9F/91vD+ktkaCV6+o6inP+l8ILxY0=
github.com/lonegunmanb/terraform-awscc-schema v1.26.0 h1:l9PSc1Gmux2Hm43+wStqGZDE6ElG2pZMpTKBKVj4oms=
github.com/lonegunmanb/terraform-awscc-schema v1.26.0/go.mod h1:kkKcHG51NV8rgFF28M5E7apRqryPdwWtVLQLo6JUKyI=
github.com/lonegunmanb/terraform-azapi-schema v1.15.0 h1:n5oGrSU1NerlGH/3bVNHdNl24fNfV3N3JtK2QEhxpIE=
github.com/lonegunmanb/terraform-azapi-schema v1.15.0/go.mod h1:4R6XwnGKA6WtylAGuKmEVYH5Mf58Eeu2HfwVgrnkylM=
github.com/lonegunmanb/terraform-azuread-schema/v3 v3.1.0 h1:6vpquIiP6TVbCc8EWCOXaJk2e5DvNr1mGLfBsFMgz9Y=
github.com/lonegunmanb/terraform-azuread-schema/v3 v3.1.0/go.mod h1:pA3KqRghx/8P6XT+tqK2LTyQGwP2CU5vM2FU1rYLkow=
github.com/lonegunmanb/terraform-azurerm-schema/v4 v4.16.0 h1:BcPI2TNAG2dnoHud8nsh7NkeamKq6c0wxqdjDC+jCxk=
github.com/lonegunmanb/terraform-azurerm-schema/v4 v4.16.0/go.mod h1:3Wf2unFfvuqt1hDpb3WZ7NTFfIY2ab6lnxCQmLMANlY=
github.com/lonegunmanb/terraform-bytebase-schema v0.0.9 h1:VnwghcbQLnherQCRHnlaqS+UhBDirGkFDZ5lv1coqjQ=
github.com/lonegunmanb/terraform-bytebase-schema v0.0.9/go.mod h1:QGwRX3GwqSDyd5r+2Q2qXtLLKzcGlAN7Y8eDdAcg4Lc=
github.com/lonegunmanb/terraform-google-schema/v6 v6.18.0 h1:WxNexjPYbDrH/I9Xr+6mNcNhvG6Ii+OkgrhqfzTN/5U=
github.com/lonegunmanb/terraform-google-schema/v6 v6.18.0/go.mod h1:vx2a3eASvvLS89YOvqMcJs6q34KmRVDbOCVi5k6S45w=
github.com/lonegunmanb/terraform-helm-schema/v2 v2.17.0 h1:Jrlb7VrXH7y+6lZTtNx3e3KH5fDiC2wHfJsRAR7oR/c=
github.com/lonegunmanb/terraform-helm-schema/v2 v2.17.0/go.mod h1:980t3S4UuBp9yrgpdA5/kMvniOjNgPvamPivaY1hPto=
github.com/lonegunmanb/terraform-kubernetes-schema/v2 v2.35.1 h1:hOnprhn25FRkaZqBrBf3KsDDRKXZBHaV/U/Mkzy6vgE=
github.com/lonegunmanb/terraform-kubernetes-schema/v2 v2.35.1/go.mod h1:2kvQvm+3OQiwUa5bbF3Xc3ZkQk2sdDdzEJZL16H01S4=
github.com/lonegunmanb/terraform-local-schema/v2 v2.5.2 h1:GamC5SPWQ2CPKRoThwW7r+rJOfUd8K2pvJFCcUjUqaA=
github.com/lonegunmanb/terraform-local-schema/v2 v2.5.2/go.mod h1:kjGKdJ2G0y3ilBwQV+JA2hrJtt1ExK/yyQOC5jvDFoA=
github.com/lonegunmanb/terraform-modtm-schema v0.3.2 h1:acXmX9EMdb0WnkbSVA3H5zbMNVWwNM64/WscDrwYea0=
github.com/lonegunmanb/terraform-modtm-schema v0.3.2/go.mod h1:HUIzoT/4o4H2x6Cm+IwgiwfcqBoVilPAy7tFhcD8MuE=
github.com/lonegunmanb/terraform-null-schema/v3 v3.2.3 h1:v5AEVjmUk+oKu/n5RvQ0c9JCzsSf+AqqCtxkHSXY22E=
github.com/lonegunmanb/terraform-null-schema/v3 v3.2.3/go.mod h1:18tPc9Shaz7uP91utiSoxNFZ2hKEi7FYmi1gAT/s680=
github.com/lonegunmanb/terraform-random-schema/v3 v3.6.3 h1:4SNTBShFteN8pgB3c8ssHSVV5Z4lQHxEbhprYfdtas0=
github.com/lonegunmanb/terraform-random-schema/v3 v3.6.3/go.mod h1:1vRYHQVWUNc8faiNJfcW2enekiAynlope/6WtF1GS50=
github.com/lonegunmanb/terraform-template-schema/v2 v2.2.0 h1:dbD4+ResOG4234ysG9HHXyZaYGynHefPzO70Rk/ktcs=
github.com/lonegunmanb/terraform-template-schema/v2 v2.2.0/go.mod h1:FXrD523CXVw67Yn5xmlppTub47/1/UI+/SZjKq8G6X4=
github.com/lonegunmanb/terraform-time-schema v0.12.1 h1:D8/0Imj/ZKrrJbkNSFt7SYMhJJVG9ik1GNO17AzCvFA=
github.com/lonegunmanb/terraform-time-schema v0.12.1/go.mod h1:MaGDAUs9eEUxqy11CqDLjtvpxWMg31zMsYjoK+Caw2o=
github.com/lonegunmanb/terraform-tls-schema/v4 v4.0.6 h1:IGCZw9w+QKGiGs727SFa3Lrms+I/f8yIsWbtl9Dptk4=
github.com/lonegunmanb/terraform-tls-schema/v4 v4.0.6/go.mod h1:x7Dbb+lhxw/a3uQj2ZXLu7GsCBIDDpKkq9zyYnbYpec=
github.com/mitchellh/go-wordwrap v0.0.0-20150314170334-ad45545899c7 h1:DpOJ2HYzCv8LZP15IdmG+YdwD2luVPHITV96TkirNBM=
github.com/mitchellh/go-wordwrap v0.0.0-20150314170334-ad45545899c7/go.mod h1:ZXFpozHsX6DPmq2I0TCekCxypsnAUbP2oI0UX1GXzOo=
github.com/pmezard/go-difflib v1.0.0 h1:4DBwDE0NGyQoBHbLQYPwSUPoCMWR5BEzIk/f1lZbAQM=
github.com/pmezard/go-difflib v1.0.0/go.mod h1:iKH77koFhYxTK1pcRnkKkqfTogsbg7gZNVY4sRDYZ/4=
github.com/stretchr/testify v1.10.0 h1:Xv5erBjTwe/5IxqUQTdXv5kgmIvbHo3QQyRwhJsOfJA=
github.com/stretchr/testify v1.10.0/go.mod h1:r2ic/lqez/lEtzL7wO/rwa5dbSLXVDPFyf8C91i36aY=
github.com/zclconf/go-cty v1.15.1 h1:RgQYm4j2EvoBRXOPxhUvxPzRrGDo1eCOhHXuGfrj5S0=
github.com/zclconf/go-cty v1.15.1/go.mod h1:VvMs5i0vgZdhYawQNq5kePSpLAoz8u1xvZgrPIxfnZE=
github.com/zclconf/go-cty-debug v0.0.0-20240509010212-0d6042c53940 h1:4r45xpDWB6ZMSMNJFMOjqrGHynW3DIBuR2H9j0ug+Mo=
github.com/zclconf/go-cty-debug v0.0.0-20240509010212-0d6042c53940/go.mod h1:CmBdvvj3nqzfzJ6nTCIwDTPZ56aVGvDrmztiO5g3qrM=
golang.org/x/mod v0.22.0 h1:D4nJWe9zXqHOmWqj4VMOJhvzj7bEZg4wEYa759z1pH4=
golang.org/x/mod v0.22.0/go.mod h1:6SkKJ3Xj0I0BrPOZoBy3bdMptDDU9oJrpohJ3eWZ1fY=
golang.org/x/sync v0.10.0 h1:3NQrjDixjgGwUOCaF8w2+VYHv0Ve/vGYSbdkTa98gmQ=
golang.org/x/sync v0.10.0/go.mod h1:Czt+wKu1gCyEFDUtn0jG5QVvpJ6rzVqr5aXyt9drQfk=
golang.org/x/text v0.21.0 h1:zyQAAkrwaneQ066sspRyJaG9VNi/YJ1NfzcGB3hZ/qo=
golang.org/x/text v0.21.0/go.mod h1:4IBbMaMmOPCJ8SecivzSH54+73PCFmPWxNTLm+vZkEQ=
golang.org/x/tools v0.21.1-0.20240508182429-e35e4ccd0d2d h1:vU5i/LfpvrRCpgM/VPfJLg5KjxD3E+hfT1SH+d9zLwg=
golang.org/x/tools v0.21.1-0.20240508182429-e35e4ccd0d2d/go.mod h1:aiJjzUbINMkxbQROHiO6hDPo2LHcIPhhQsa9DLh0yGk=
gopkg.in/check.v1 v0.0.0-20161208181325-20d25e280405 h1:yhCVgyC4o1eVCa2tZl7eS0r+SDo693bJlVdllGtEeKM=
gopkg.in/check.v1 v0.0.0-20161208181325-20d25e280405/go.mod h1:Co6ibVJAznAaIkqp8huTwlJQCZ016jof/cbN4VW5Yz0=
gopkg.in/yaml.v3 v3.0.1 h1:fxVm/GzAzEWqLHuvctI91KS9hhNmmWOoWu0XTYJS7CA=
gopkg.in/yaml.v3 v3.0.1/go.mod h1:K4uyk7z7BCEPqu6E+C64Yfv1cQ7kz7rIZviUmN+EgEM=
